
Microsoft Visual Studio Solution File, Format Version 12.00
# Visual Studio Version 16
VisualStudioVersion = 16.0.31424.327
MinimumVisualStudioVersion = 10.0.40219.1
Project("{FAE04EC0-301F-11D3-BF4B-00C04F79EFBC}") = "TokenAuthForANDPUP", "TokenAuthForANDPUP\TokenAuthForANDPUP.csproj", "{EE5099EC-148E-4A2D-8F67-3C202315160B}"
EndProject
Global
	GlobalSection(SolutionConfigurationPlatforms) = preSolution
		Debug|Any CPU = Debug|Any CPU
		Release|Any CPU = Release|Any CPU
	EndGlobalSection
	GlobalSection(ProjectConfigurationPlatforms) = postSolution
		{EE5099EC-148E-4A2D-8F67-3C202315160B}.Debug|Any CPU.ActiveCfg = Debug|Any CPU
		{EE5099EC-148E-4A2D-8F67-3C202315160B}.Debug|Any CPU.Build.0 = Debug|Any CPU
		{EE5099EC-148E-4A2D-8F67-3C202315160B}.Release|Any CPU.ActiveCfg = Release|Any CPU
		{EE5099EC-148E-4A2D-8F67-3C202315160B}.Release|Any CPU.Build.0 = Release|Any CPU
	EndGlobalSection
	GlobalSection(SolutionProperties) = preSolution
		HideSolutionNode = FALSE
	EndGlobalSection
	GlobalSection(ExtensibilityGlobals) = postSolution
		SolutionGuid = {1AA90D19-2FC3-4E92-9002-6D52DDE4639A}
	EndGlobalSection
EndGlobal
